<?xml version="1.0" encoding="utf-8"?>
<Project ToolsVersion="16.0" xmlns="http://schemas.microsoft.com/developer/msbuild/2003">
  <ItemGroup>
    <ClCompile Include="C:\Users\Asator\Documents\Hackathon-2021-Vorbereitung\Logger\FileLogPolicy.cpp">
      <Filter>Source Files</Filter>
    </ClCompile>
    <ClCompile Include="C:\Users\Asator\Documents\Hackathon-2021-Vorbereitung\Logger\CoutLogPolicy.cpp">
      <Filter>Source Files</Filter>
    </ClCompile>
    <ClCompile Include="C:\Users\Asator\Documents\Hackathon-2021-Vorbereitung\Logger\LogLevel.cpp">
      <Filter>Source Files</Filter>
    </ClCompile>
  </ItemGroup>
  <ItemGroup>
    <ClInclude Include="C:\Users\Asator\Documents\Hackathon-2021-Vorbereitung\Logger\Logger.h">
      <Filter>Header Files</Filter>
    </ClInclude>
    <ClInclude Include="C:\Users\Asator\Documents\Hackathon-2021-Vorbereitung\Logger\LogPolicyInterface.h">
      <Filter>Header Files</Filter>
    </ClInclude>
    <ClInclude Include="C:\Users\Asator\Documents\Hackathon-2021-Vorbereitung\Logger\FileLogPolicy.h">
      <Filter>Header Files</Filter>
    </ClInclude>
    <ClInclude Include="C:\Users\Asator\Documents\Hackathon-2021-Vorbereitung\Logger\CoutLogPolicy.h">
      <Filter>Header Files</Filter>
    </ClInclude>
    <ClInclude Include="C:\Users\Asator\Documents\Hackathon-2021-Vorbereitung\Logger\LogLevel.h">
      <Filter>Header Files</Filter>
    </ClInclude>
    <ClInclude Include="C:\Users\Asator\Documents\Hackathon-2021-Vorbereitung\Logger\Log.h">
      <Filter>Header Files</Filter>
    </ClInclude>
  </ItemGroup>
  <ItemGroup>
    <CustomBuild Include="C:\Users\Asator\Documents\Hackathon-2021-Vorbereitung\CMakeLists.txt" />
  </ItemGroup>
  <ItemGroup>
    <Filter Include="Header Files">
      <UniqueIdentifier>{9A972D9D-C6F9-3008-92FB-D6FD92356C35}</UniqueIdentifier>
    </Filter>
    <Filter Include="Source Files">
      <UniqueIdentifier>{88D157AE-963F-3587-BADE-CC56161DBAAA}</UniqueIdentifier>
    </Filter>
  </ItemGroup>
</Project>
